
Microsoft Visual Studio Solution File, Format Version 12.00
# Visual Studio Version 17
VisualStudioVersion = 17.7.34024.191
MinimumVisualStudioVersion = 10.0.40219.1
Project("{FAE04EC0-301F-11D3-BF4B-00C04F79EFBC}") = "Practice question Array&String", "Practice question Array&String\Practice question Array&String.csproj", "{0815910C-779A-460D-A5F3-35F391B44D93}"
EndProject
Global
	GlobalSection(SolutionConfigurationPlatforms) = preSolution
		Debug|Any CPU = Debug|Any CPU
		Release|Any CPU = Release|Any CPU
	EndGlobalSection
	GlobalSection(ProjectConfigurationPlatforms) = postSolution
		{0815910C-779A-460D-A5F3-35F391B44D93}.Debug|Any CPU.ActiveCfg = Debug|Any CPU
		{0815910C-779A-460D-A5F3-35F391B44D93}.Debug|Any CPU.Build.0 = Debug|Any CPU
		{0815910C-779A-460D-A5F3-35F391B44D93}.Release|Any CPU.ActiveCfg = Release|Any CPU
		{0815910C-779A-460D-A5F3-35F391B44D93}.Release|Any CPU.Build.0 = Release|Any CPU
	EndGlobalSection
	GlobalSection(SolutionProperties) = preSolution
		HideSolutionNode = FALSE
	EndGlobalSection
	GlobalSection(ExtensibilityGlobals) = postSolution
		SolutionGuid = {4C784A4A-C2F4-4155-80DB-C9A05ACEF400}
	EndGlobalSection
EndGlobal
